
Microsoft Visual Studio Solution File, Format Version 12.00
Project("{FAE04EC0-301F-11D3-BF4B-00C04F79EFBC}") = "LegacyApp", "LegacyApp\LegacyApp.csproj", "{1ED11EB1-3861-43A6-9B3E-F10C114F4EA7}"
EndProject
Project("{FAE04EC0-301F-11D3-BF4B-00C04F79EFBC}") = "LegacyApp.Consumer", "LegacyApp.Consumer\LegacyApp.Consumer.csproj", "{F66B7DE1-33C7-482E-94F8-95358F06ED2B}"
EndProject
Global
	GlobalSection(SolutionConfigurationPlatforms) = preSolution
		Debug|Any CPU = Debug|Any CPU
		Release|Any CPU = Release|Any CPU
	EndGlobalSection
	GlobalSection(ProjectConfigurationPlatforms) = postSolution
		{1ED11EB1-3861-43A6-9B3E-F10C114F4EA7}.Debug|Any CPU.ActiveCfg = Debug|Any CPU
		{1ED11EB1-3861-43A6-9B3E-F10C114F4EA7}.Debug|Any CPU.Build.0 = Debug|Any CPU
		{1ED11EB1-3861-43A6-9B3E-F10C114F4EA7}.Release|Any CPU.ActiveCfg = Release|Any CPU
		{1ED11EB1-3861-43A6-9B3E-F10C114F4EA7}.Release|Any CPU.Build.0 = Release|Any CPU
		{F66B7DE1-33C7-482E-94F8-95358F06ED2B}.Debug|Any CPU.ActiveCfg = Debug|Any CPU
		{F66B7DE1-33C7-482E-94F8-95358F06ED2B}.Debug|Any CPU.Build.0 = Debug|Any CPU
		{F66B7DE1-33C7-482E-94F8-95358F06ED2B}.Release|Any CPU.ActiveCfg = Release|Any CPU
		{F66B7DE1-33C7-482E-94F8-95358F06ED2B}.Release|Any CPU.Build.0 = Release|Any CPU
	EndGlobalSection
EndGlobal
